
Microsoft Visual Studio Solution File, Format Version 12.00
# Visual Studio Version 16
VisualStudioVersion = 16.0.29806.167
MinimumVisualStudioVersion = 10.0.40219.1
Project("{D954291E-2A0B-460D-934E-DC6B0785DB48}") = "LineChartRenderIssue.Shared", "LineChartRenderIssue.Shared\LineChartRenderIssue.Shared.shproj", "{6279C845-92F8-4333-AB99-3D213163593C}"
EndProject
Project("{FAE04EC0-301F-11D3-BF4B-00C04F79EFBC}") = "LineChartRenderIssue.Droid", "LineChartRenderIssue.Droid\LineChartRenderIssue.Droid.csproj", "{28ED493E-FE9C-49A8-A6B3-C65F313E5AD6}"
EndProject
Project("{FAE04EC0-301F-11D3-BF4B-00C04F79EFBC}") = "LineChartRenderIssue.iOS", "LineChartRenderIssue.iOS\LineChartRenderIssue.iOS.csproj", "{C30758AC-6B9A-47DC-9E4B-44871554A1D2}"
EndProject
Project("{FAE04EC0-301F-11D3-BF4B-00C04F79EFBC}") = "LineChartRenderIssue.UWP", "LineChartRenderIssue.UWP\LineChartRenderIssue.UWP.csproj", "{D5784E1B-05B0-4B42-81C7-7B866978C9B9}"
EndProject
Project("{9A19103F-16F7-4668-BE54-9A1E7A4F7556}") = "LineChartRenderIssue.Wasm", "LineChartRenderIssue.Wasm\LineChartRenderIssue.Wasm.csproj", "{8122E23D-2A92-4670-BB87-A0BE487E5431}"
EndProject
Global
	GlobalSection(SharedMSBuildProjectFiles) = preSolution
		LineChartRenderIssue.Shared\LineChartRenderIssue.Shared.projitems*{28ed493e-fe9c-49a8-a6b3-c65f313e5ad6}*SharedItemsImports = 4
		LineChartRenderIssue.Shared\LineChartRenderIssue.Shared.projitems*{6279c845-92f8-4333-ab99-3d213163593c}*SharedItemsImports = 13
		LineChartRenderIssue.Shared\LineChartRenderIssue.Shared.projitems*{c30758ac-6b9a-47dc-9e4b-44871554a1d2}*SharedItemsImports = 4
		LineChartRenderIssue.Shared\LineChartRenderIssue.Shared.projitems*{d5784e1b-05b0-4b42-81c7-7b866978c9b9}*SharedItemsImports = 4
	EndGlobalSection
	GlobalSection(SolutionConfigurationPlatforms) = preSolution
		Ad-Hoc|Any CPU = Ad-Hoc|Any CPU
		Ad-Hoc|ARM = Ad-Hoc|ARM
		Ad-Hoc|iPhone = Ad-Hoc|iPhone
		Ad-Hoc|iPhoneSimulator = Ad-Hoc|iPhoneSimulator
		Ad-Hoc|x64 = Ad-Hoc|x64
		Ad-Hoc|x86 = Ad-Hoc|x86
		AppStore|Any CPU = AppStore|Any CPU
		AppStore|ARM = AppStore|ARM
		AppStore|iPhone = AppStore|iPhone
		AppStore|iPhoneSimulator = AppStore|iPhoneSimulator
		AppStore|x64 = AppStore|x64
		AppStore|x86 = AppStore|x86
		Debug|Any CPU = Debug|Any CPU
		Debug|ARM = Debug|ARM
		Debug|iPhone = Debug|iPhone
		Debug|iPhoneSimulator = Debug|iPhoneSimulator
		Debug|x64 = Debug|x64
		Debug|x86 = Debug|x86
		Release|Any CPU = Release|Any CPU
		Release|ARM = Release|ARM
		Release|iPhone = Release|iPhone
		Release|iPhoneSimulator = Release|iPhoneSimulator
		Release|x64 = Release|x64
		Release|x86 = Release|x86
	EndGlobalSection
	GlobalSection(ProjectConfigurationPlatforms) = postSolution
		{28ED493E-FE9C-49A8-A6B3-C65F313E5AD6}.Ad-Hoc|Any CPU.ActiveCfg = Release|Any CPU
		{28ED493E-FE9C-49A8-A6B3-C65F313E5AD6}.Ad-Hoc|Any CPU.Build.0 = Release|Any CPU
		{28ED493E-FE9C-49A8-A6B3-C65F313E5AD6}.Ad-Hoc|Any CPU.Deploy.0 = Release|Any CPU
		{28ED493E-FE9C-49A8-A6B3-C65F313E5AD6}.Ad-Hoc|ARM.ActiveCfg = Release|Any CPU
		{28ED493E-FE9C-49A8-A6B3-C65F313E5AD6}.Ad-Hoc|ARM.Build.0 = Release|Any CPU
		{28ED493E-FE9C-49A8-A6B3-C65F313E5AD6}.Ad-Hoc|ARM.Deploy.0 = Release|Any CPU
		{28ED493E-FE9C-49A8-A6B3-C65F313E5AD6}.Ad-Hoc|iPhone.ActiveCfg = Release|Any CPU
		{28ED493E-FE9C-49A8-A6B3-C65F313E5AD6}.Ad-Hoc|iPhone.Build.0 = Release|Any CPU
		{28ED493E-FE9C-49A8-A6B3-C65F313E5AD6}.Ad-Hoc|iPhone.Deploy.0 = Release|Any CPU
		{28ED493E-FE9C-49A8-A6B3-C65F313E5AD6}.Ad-Hoc|iPhoneSimulator.ActiveCfg = Release|Any CPU
		{28ED493E-FE9C-49A8-A6B3-C65F313E5AD6}.Ad-Hoc|iPhoneSimulator.Build.0 = Release|Any CPU
		{28ED493E-FE9C-49A8-A6B3-C65F313E5AD6}.Ad-Hoc|iPhoneSimulator.Deploy.0 = Release|Any CPU
		{28ED493E-FE9C-49A8-A6B3-C65F313E5AD6}.Ad-Hoc|x64.ActiveCfg = Release|Any CPU
		{28ED493E-FE9C-49A8-A6B3-C65F313E5AD6}.Ad-Hoc|x64.Build.0 = Release|Any CPU
		{28ED493E-FE9C-49A8-A6B3-C65F313E5AD6}.Ad-Hoc|x64.Deploy.0 = Release|Any CPU
		{28ED493E-FE9C-49A8-A6B3-C65F313E5AD6}.Ad-Hoc|x86.ActiveCfg = Release|Any CPU
		{28ED493E-FE9C-49A8-A6B3-C65F313E5AD6}.Ad-Hoc|x86.Build.0 = Release|Any CPU
		{28ED493E-FE9C-49A8-A6B3-C65F313E5AD6}.Ad-Hoc|x86.Deploy.0 = Release|Any CPU
		{28ED493E-FE9C-49A8-A6B3-C65F313E5AD6}.AppStore|Any CPU.ActiveCfg = Release|Any CPU
		{28ED493E-FE9C-49A8-A6B3-C65F313E5AD6}.AppStore|Any CPU.Build.0 = Release|Any CPU
		{28ED493E-FE9C-49A8-A6B3-C65F313E5AD6}.AppStore|Any CPU.Deploy.0 = Release|Any CPU
		{28ED493E-FE9C-49A8-A6B3-C65F313E5AD6}.AppStore|ARM.ActiveCfg = Release|Any CPU
		{28ED493E-FE9C-49A8-A6B3-C65F313E5AD6}.AppStore|ARM.Build.0 = Release|Any CPU
		{28ED493E-FE9C-49A8-A6B3-C65F313E5AD6}.AppStore|ARM.Deploy.0 = Release|Any CPU
		{28ED493E-FE9C-49A8-A6B3-C65F313E5AD6}.AppStore|iPhone.ActiveCfg = Release|Any CPU
		{28ED493E-FE9C-49A8-A6B3-C65F313E5AD6}.AppStore|iPhone.Build.0 = Release|Any CPU
		{28ED493E-FE9C-49A8-A6B3-C65F313E5AD6}.AppStore|iPhone.Deploy.0 = Release|Any CPU
		{28ED493E-FE9C-49A8-A6B3-C65F313E5AD6}.AppStore|iPhoneSimulator.ActiveCfg = Release|Any CPU
		{28ED493E-FE9C-49A8-A6B3-C65F313E5AD6}.AppStore|iPhoneSimulator.Build.0 = Release|Any CPU
		{28ED493E-FE9C-49A8-A6B3-C65F313E5AD6}.AppStore|iPhoneSimulator.Deploy.0 = Release|Any CPU
		{28ED493E-FE9C-49A8-A6B3-C65F313E5AD6}.AppStore|x64.ActiveCfg = Release|Any CPU
		{28ED493E-FE9C-49A8-A6B3-C65F313E5AD6}.AppStore|x64.Build.0 = Release|Any CPU
		{28ED493E-FE9C-49A8-A6B3-C65F313E5AD6}.AppStore|x64.Deploy.0 = Release|Any CPU
		{28ED493E-FE9C-49A8-A6B3-C65F313E5AD6}.AppStore|x86.ActiveCfg = Release|Any CPU
		{28ED493E-FE9C-49A8-A6B3-C65F313E5AD6}.AppStore|x86.Build.0 = Release|Any CPU
		{28ED493E-FE9C-49A8-A6B3-C65F313E5AD6}.AppStore|x86.Deploy.0 = Release|Any CPU
		{28ED493E-FE9C-49A8-A6B3-C65F313E5AD6}.Debug|Any CPU.ActiveCfg = Debug|Any CPU
		{28ED493E-FE9C-49A8-A6B3-C65F313E5AD6}.Debug|Any CPU.Build.0 = Debug|Any CPU
		{28ED493E-FE9C-49A8-A6B3-C65F313E5AD6}.Debug|Any CPU.Deploy.0 = Debug|Any CPU
		{28ED493E-FE9C-49A8-A6B3-C65F313E5AD6}.Debug|ARM.ActiveCfg = Debug|Any CPU
		{28ED493E-FE9C-49A8-A6B3-C65F313E5AD6}.Debug|ARM.Build.0 = Debug|Any CPU
		{28ED493E-FE9C-49A8-A6B3-C65F313E5AD6}.Debug|ARM.Deploy.0 = Debug|Any CPU
		{28ED493E-FE9C-49A8-A6B3-C65F313E5AD6}.Debug|iPhone.ActiveCfg = Debug|Any CPU
		{28ED493E-FE9C-49A8-A6B3-C65F313E5AD6}.Debug|iPhone.Build.0 = Debug|Any CPU
		{28ED493E-FE9C-49A8-A6B3-C65F313E5AD6}.Debug|iPhone.Deploy.0 = Debug|Any CPU
		{28ED493E-FE9C-49A8-A6B3-C65F313E5AD6}.Debug|iPhoneSimulator.ActiveCfg = Debug|Any CPU
		{28ED493E-FE9C-49A8-A6B3-C65F313E5AD6}.Debug|iPhoneSimulator.Build.0 = Debug|Any CPU
		{28ED493E-FE9C-49A8-A6B3-C65F313E5AD6}.Debug|iPhoneSimulator.Deploy.0 = Debug|Any CPU
		{28ED493E-FE9C-49A8-A6B3-C65F313E5AD6}.Debug|x64.ActiveCfg = Debug|Any CPU
		{28ED493E-FE9C-49A8-A6B3-C65F313E5AD6}.Debug|x64.Build.0 = Debug|Any CPU
		{28ED493E-FE9C-49A8-A6B3-C65F313E5AD6}.Debug|x64.Deploy.0 = Debug|Any CPU
		{28ED493E-FE9C-49A8-A6B3-C65F313E5AD6}.Debug|x86.ActiveCfg = Debug|Any CPU
		{28ED493E-FE9C-49A8-A6B3-C65F313E5AD6}.Debug|x86.Build.0 = Debug|Any CPU
		{28ED493E-FE9C-49A8-A6B3-C65F313E5AD6}.Debug|x86.Deploy.0 = Debug|Any CPU
		{28ED493E-FE9C-49A8-A6B3-C65F313E5AD6}.Release|Any CPU.ActiveCfg = Release|Any CPU
		{28ED493E-FE9C-49A8-A6B3-C65F313E5AD6}.Release|Any CPU.Build.0 = Release|Any CPU
		{28ED493E-FE9C-49A8-A6B3-C65F313E5AD6}.Release|Any CPU.Deploy.0 = Release|Any CPU
		{28ED493E-FE9C-49A8-A6B3-C65F313E5AD6}.Release|ARM.ActiveCfg = Release|Any CPU
		{28ED493E-FE9C-49A8-A6B3-C65F313E5AD6}.Release|ARM.Build.0 = Release|Any CPU
		{28ED493E-FE9C-49A8-A6B3-C65F313E5AD6}.Release|ARM.Deploy.0 = Release|Any CPU
		{28ED493E-FE9C-49A8-A6B3-C65F313E5AD6}.Release|iPhone.ActiveCfg = Release|Any CPU
		{28ED493E-FE9C-49A8-A6B3-C65F313E5AD6}.Release|iPhone.Build.0 = Release|Any CPU
		{28ED493E-FE9C-49A8-A6B3-C65F313E5AD6}.Release|iPhone.Deploy.0 = Release|Any CPU
		{28ED493E-FE9C-49A8-A6B3-C65F313E5AD6}.Release|iPhoneSimulator.ActiveCfg = Release|Any CPU
		{28ED493E-FE9C-49A8-A6B3-C65F313E5AD6}.Release|iPhoneSimulator.Build.0 = Release|Any CPU
		{28ED493E-FE9C-49A8-A6B3-C65F313E5AD6}.Release|iPhoneSimulator.Deploy.0 = Release|Any CPU
		{28ED493E-FE9C-49A8-A6B3-C65F313E5AD6}.Release|x64.ActiveCfg = Release|Any CPU
		{28ED493E-FE9C-49A8-A6B3-C65F313E5AD6}.Release|x64.Build.0 = Release|Any CPU
		{28ED493E-FE9C-49A8-A6B3-C65F313E5AD6}.Release|x64.Deploy.0 = Release|Any CPU
		{28ED493E-FE9C-49A8-A6B3-C65F313E5AD6}.Release|x86.ActiveCfg = Release|Any CPU
		{28ED493E-FE9C-49A8-A6B3-C65F313E5AD6}.Release|x86.Build.0 = Release|Any CPU
		{28ED493E-FE9C-49A8-A6B3-C65F313E5AD6}.Release|x86.Deploy.0 = Release|Any CPU
		{C30758AC-6B9A-47DC-9E4B-44871554A1D2}.Ad-Hoc|Any CPU.ActiveCfg = Ad-Hoc|iPhone
		{C30758AC-6B9A-47DC-9E4B-44871554A1D2}.Ad-Hoc|ARM.ActiveCfg = Ad-Hoc|iPhone
		{C30758AC-6B9A-47DC-9E4B-44871554A1D2}.Ad-Hoc|iPhone.ActiveCfg = Ad-Hoc|iPhone
		{C30758AC-6B9A-47DC-9E4B-44871554A1D2}.Ad-Hoc|iPhone.Build.0 = Ad-Hoc|iPhone
		{C30758AC-6B9A-47DC-9E4B-44871554A1D2}.Ad-Hoc|iPhoneSimulator.ActiveCfg = Ad-Hoc|iPhoneSimulator
		{C30758AC-6B9A-47DC-9E4B-44871554A1D2}.Ad-Hoc|iPhoneSimulator.Build.0 = Ad-Hoc|iPhoneSimulator
		{C30758AC-6B9A-47DC-9E4B-44871554A1D2}.Ad-Hoc|x64.ActiveCfg = Ad-Hoc|iPhone
		{C30758AC-6B9A-47DC-9E4B-44871554A1D2}.Ad-Hoc|x86.ActiveCfg = Ad-Hoc|iPhone
		{C30758AC-6B9A-47DC-9E4B-44871554A1D2}.AppStore|Any CPU.ActiveCfg = AppStore|iPhone
		{C30758AC-6B9A-47DC-9E4B-44871554A1D2}.AppStore|ARM.ActiveCfg = AppStore|iPhone
		{C30758AC-6B9A-47DC-9E4B-44871554A1D2}.AppStore|iPhone.ActiveCfg = AppStore|iPhone
		{C30758AC-6B9A-47DC-9E4B-44871554A1D2}.AppStore|iPhone.Build.0 = AppStore|iPhone
		{C30758AC-6B9A-47DC-9E4B-44871554A1D2}.AppStore|iPhoneSimulator.ActiveCfg = AppStore|iPhoneSimulator
		{C30758AC-6B9A-47DC-9E4B-44871554A1D2}.AppStore|iPhoneSimulator.Build.0 = AppStore|iPhoneSimulator
		{C30758AC-6B9A-47DC-9E4B-44871554A1D2}.AppStore|x64.ActiveCfg = AppStore|iPhone
		{C30758AC-6B9A-47DC-9E4B-44871554A1D2}.AppStore|x86.ActiveCfg = AppStore|iPhone
		{C30758AC-6B9A-47DC-9E4B-44871554A1D2}.Debug|Any CPU.ActiveCfg = Debug|iPhone
		{C30758AC-6B9A-47DC-9E4B-44871554A1D2}.Debug|ARM.ActiveCfg = Debug|iPhone
		{C30758AC-6B9A-47DC-9E4B-44871554A1D2}.Debug|iPhone.ActiveCfg = Debug|iPhone
		{C30758AC-6B9A-47DC-9E4B-44871554A1D2}.Debug|iPhone.Build.0 = Debug|iPhone
		{C30758AC-6B9A-47DC-9E4B-44871554A1D2}.Debug|iPhoneSimulator.ActiveCfg = Debug|iPhoneSimulator
		{C30758AC-6B9A-47DC-9E4B-44871554A1D2}.Debug|iPhoneSimulator.Build.0 = Debug|iPhoneSimulator
		{C30758AC-6B9A-47DC-9E4B-44871554A1D2}.Debug|x64.ActiveCfg = Debug|iPhone
		{C30758AC-6B9A-47DC-9E4B-44871554A1D2}.Debug|x86.ActiveCfg = Debug|iPhone
		{C30758AC-6B9A-47DC-9E4B-44871554A1D2}.Release|Any CPU.ActiveCfg = Release|iPhone
		{C30758AC-6B9A-47DC-9E4B-44871554A1D2}.Release|ARM.ActiveCfg = Release|iPhone
		{C30758AC-6B9A-47DC-9E4B-44871554A1D2}.Release|iPhone.ActiveCfg = Release|iPhone
		{C30758AC-6B9A-47DC-9E4B-44871554A1D2}.Release|iPhone.Build.0 = Release|iPhone
		{C30758AC-6B9A-47DC-9E4B-44871554A1D2}.Release|iPhoneSimulator.ActiveCfg = Release|iPhoneSimulator
		{C30758AC-6B9A-47DC-9E4B-44871554A1D2}.Release|iPhoneSimulator.Build.0 = Release|iPhoneSimulator
		{C30758AC-6B9A-47DC-9E4B-44871554A1D2}.Release|x64.ActiveCfg = Release|iPhone
		{C30758AC-6B9A-47DC-9E4B-44871554A1D2}.Release|x86.ActiveCfg = Release|iPhone
		{D5784E1B-05B0-4B42-81C7-7B866978C9B9}.Ad-Hoc|Any CPU.ActiveCfg = Release|x64
		{D5784E1B-05B0-4B42-81C7-7B866978C9B9}.Ad-Hoc|Any CPU.Build.0 = Release|x64
		{D5784E1B-05B0-4B42-81C7-7B866978C9B9}.Ad-Hoc|Any CPU.Deploy.0 = Release|x64
		{D5784E1B-05B0-4B42-81C7-7B866978C9B9}.Ad-Hoc|ARM.ActiveCfg = Release|ARM
		{D5784E1B-05B0-4B42-81C7-7B866978C9B9}.Ad-Hoc|ARM.Build.0 = Release|ARM
		{D5784E1B-05B0-4B42-81C7-7B866978C9B9}.Ad-Hoc|ARM.Deploy.0 = Release|ARM
		{D5784E1B-05B0-4B42-81C7-7B866978C9B9}.Ad-Hoc|iPhone.ActiveCfg = Release|x64
		{D5784E1B-05B0-4B42-81C7-7B866978C9B9}.Ad-Hoc|iPhone.Build.0 = Release|x64
		{D5784E1B-05B0-4B42-81C7-7B866978C9B9}.Ad-Hoc|iPhone.Deploy.0 = Release|x64
		{D5784E1B-05B0-4B42-81C7-7B866978C9B9}.Ad-Hoc|iPhoneSimulator.ActiveCfg = Release|x64
		{D5784E1B-05B0-4B42-81C7-7B866978C9B9}.Ad-Hoc|iPhoneSimulator.Build.0 = Release|x64
		{D5784E1B-05B0-4B42-81C7-7B866978C9B9}.Ad-Hoc|iPhoneSimulator.Deploy.0 = Release|x64
		{D5784E1B-05B0-4B42-81C7-7B866978C9B9}.Ad-Hoc|x64.ActiveCfg = Release|x64
		{D5784E1B-05B0-4B42-81C7-7B866978C9B9}.Ad-Hoc|x64.Build.0 = Release|x64
		{D5784E1B-05B0-4B42-81C7-7B866978C9B9}.Ad-Hoc|x64.Deploy.0 = Release|x64
		{D5784E1B-05B0-4B42-81C7-7B866978C9B9}.Ad-Hoc|x86.ActiveCfg = Release|x86
		{D5784E1B-05B0-4B42-81C7-7B866978C9B9}.Ad-Hoc|x86.Build.0 = Release|x86
		{D5784E1B-05B0-4B42-81C7-7B866978C9B9}.Ad-Hoc|x86.Deploy.0 = Release|x86
		{D5784E1B-05B0-4B42-81C7-7B866978C9B9}.AppStore|Any CPU.ActiveCfg = Release|x64
		{D5784E1B-05B0-4B42-81C7-7B866978C9B9}.AppStore|Any CPU.Build.0 = Release|x64
		{D5784E1B-05B0-4B42-81C7-7B866978C9B9}.AppStore|Any CPU.Deploy.0 = Release|x64
		{D5784E1B-05B0-4B42-81C7-7B866978C9B9}.AppStore|ARM.ActiveCfg = Release|ARM
		{D5784E1B-05B0-4B42-81C7-7B866978C9B9}.AppStore|ARM.Build.0 = Release|ARM
		{D5784E1B-05B0-4B42-81C7-7B866978C9B9}.AppStore|ARM.Deploy.0 = Release|ARM
		{D5784E1B-05B0-4B42-81C7-7B866978C9B9}.AppStore|iPhone.ActiveCfg = Release|x64
		{D5784E1B-05B0-4B42-81C7-7B866978C9B9}.AppStore|iPhone.Build.0 = Release|x64
		{D5784E1B-05B0-4B42-81C7-7B866978C9B9}.AppStore|iPhone.Deploy.0 = Release|x64
		{D5784E1B-05B0-4B42-81C7-7B866978C9B9}.AppStore|iPhoneSimulator.ActiveCfg = Release|x64
		{D5784E1B-05B0-4B42-81C7-7B866978C9B9}.AppStore|iPhoneSimulator.Build.0 = Release|x64
		{D5784E1B-05B0-4B42-81C7-7B866978C9B9}.AppStore|iPhoneSimulator.Deploy.0 = Release|x64
		{D5784E1B-05B0-4B42-81C7-7B866978C9B9}.AppStore|x64.ActiveCfg = Release|x64
		{D5784E1B-05B0-4B42-81C7-7B866978C9B9}.AppStore|x64.Build.0 = Release|x64
		{D5784E1B-05B0-4B42-81C7-7B866978C9B9}.AppStore|x64.Deploy.0 = Release|x64
		{D5784E1B-05B0-4B42-81C7-7B866978C9B9}.AppStore|x86.ActiveCfg = Release|x86
		{D5784E1B-05B0-4B42-81C7-7B866978C9B9}.AppStore|x86.Build.0 = Release|x86
		{D5784E1B-05B0-4B42-81C7-7B866978C9B9}.AppStore|x86.Deploy.0 = Release|x86
		{D5784E1B-05B0-4B42-81C7-7B866978C9B9}.Debug|Any CPU.ActiveCfg = Debug|x86
		{D5784E1B-05B0-4B42-81C7-7B866978C9B9}.Debug|ARM.ActiveCfg = Debug|ARM
		{D5784E1B-05B0-4B42-81C7-7B866978C9B9}.Debug|ARM.Build.0 = Debug|ARM
		{D5784E1B-05B0-4B42-81C7-7B866978C9B9}.Debug|ARM.Deploy.0 = Debug|ARM
		{D5784E1B-05B0-4B42-81C7-7B866978C9B9}.Debug|iPhone.ActiveCfg = Debug|x86
		{D5784E1B-05B0-4B42-81C7-7B866978C9B9}.Debug|iPhoneSimulator.ActiveCfg = Debug|x86
		{D5784E1B-05B0-4B42-81C7-7B866978C9B9}.Debug|x64.ActiveCfg = Debug|x64
		{D5784E1B-05B0-4B42-81C7-7B866978C9B9}.Debug|x64.Build.0 = Debug|x64
		{D5784E1B-05B0-4B42-81C7-7B866978C9B9}.Debug|x64.Deploy.0 = Debug|x64
		{D5784E1B-05B0-4B42-81C7-7B866978C9B9}.Debug|x86.ActiveCfg = Debug|x86
		{D5784E1B-05B0-4B42-81C7-7B866978C9B9}.Debug|x86.Build.0 = Debug|x86
		{D5784E1B-05B0-4B42-81C7-7B866978C9B9}.Debug|x86.Deploy.0 = Debug|x86
		{D5784E1B-05B0-4B42-81C7-7B866978C9B9}.Release|Any CPU.ActiveCfg = Release|x86
		{D5784E1B-05B0-4B42-81C7-7B866978C9B9}.Release|ARM.ActiveCfg = Release|ARM
		{D5784E1B-05B0-4B42-81C7-7B866978C9B9}.Release|ARM.Build.0 = Release|ARM
		{D5784E1B-05B0-4B42-81C7-7B866978C9B9}.Release|ARM.Deploy.0 = Release|ARM
		{D5784E1B-05B0-4B42-81C7-7B866978C9B9}.Release|iPhone.ActiveCfg = Release|x86
		{D5784E1B-05B0-4B42-81C7-7B866978C9B9}.Release|iPhoneSimulator.ActiveCfg = Release|x86
		{D5784E1B-05B0-4B42-81C7-7B866978C9B9}.Release|x64.ActiveCfg = Release|x64
		{D5784E1B-05B0-4B42-81C7-7B866978C9B9}.Release|x64.Build.0 = Release|x64
		{D5784E1B-05B0-4B42-81C7-7B866978C9B9}.Release|x64.Deploy.0 = Release|x64
		{D5784E1B-05B0-4B42-81C7-7B866978C9B9}.Release|x86.ActiveCfg = Release|x86
		{D5784E1B-05B0-4B42-81C7-7B866978C9B9}.Release|x86.Build.0 = Release|x86
		{D5784E1B-05B0-4B42-81C7-7B866978C9B9}.Release|x86.Deploy.0 = Release|x86
		{8122E23D-2A92-4670-BB87-A0BE487E5431}.Ad-Hoc|Any CPU.ActiveCfg = Debug|Any CPU
		{8122E23D-2A92-4670-BB87-A0BE487E5431}.Ad-Hoc|Any CPU.Build.0 = Debug|Any CPU
		{8122E23D-2A92-4670-BB87-A0BE487E5431}.Ad-Hoc|ARM.ActiveCfg = Debug|Any CPU
		{8122E23D-2A92-4670-BB87-A0BE487E5431}.Ad-Hoc|ARM.Build.0 = Debug|Any CPU
		{8122E23D-2A92-4670-BB87-A0BE487E5431}.Ad-Hoc|iPhone.ActiveCfg = Debug|Any CPU
		{8122E23D-2A92-4670-BB87-A0BE487E5431}.Ad-Hoc|iPhone.Build.0 = Debug|Any CPU
		{8122E23D-2A92-4670-BB87-A0BE487E5431}.Ad-Hoc|iPhoneSimulator.ActiveCfg = Debug|Any CPU
		{8122E23D-2A92-4670-BB87-A0BE487E5431}.Ad-Hoc|iPhoneSimulator.Build.0 = Debug|Any CPU
		{8122E23D-2A92-4670-BB87-A0BE487E5431}.Ad-Hoc|x64.ActiveCfg = Debug|Any CPU
		{8122E23D-2A92-4670-BB87-A0BE487E5431}.Ad-Hoc|x64.Build.0 = Debug|Any CPU
		{8122E23D-2A92-4670-BB87-A0BE487E5431}.Ad-Hoc|x86.ActiveCfg = Debug|Any CPU
		{8122E23D-2A92-4670-BB87-A0BE487E5431}.Ad-Hoc|x86.Build.0 = Debug|Any CPU
		{8122E23D-2A92-4670-BB87-A0BE487E5431}.AppStore|Any CPU.ActiveCfg = Debug|Any CPU
		{8122E23D-2A92-4670-BB87-A0BE487E5431}.AppStore|Any CPU.Build.0 = Debug|Any CPU
		{8122E23D-2A92-4670-BB87-A0BE487E5431}.AppStore|ARM.ActiveCfg = Debug|Any CPU
		{8122E23D-2A92-4670-BB87-A0BE487E5431}.AppStore|ARM.Build.0 = Debug|Any CPU
		{8122E23D-2A92-4670-BB87-A0BE487E5431}.AppStore|iPhone.ActiveCfg = Debug|Any CPU
		{8122E23D-2A92-4670-BB87-A0BE487E5431}.AppStore|iPhone.Build.0 = Debug|Any CPU
		{8122E23D-2A92-4670-BB87-A0BE487E5431}.AppStore|iPhoneSimulator.ActiveCfg = Debug|Any CPU
		{8122E23D-2A92-4670-BB87-A0BE487E5431}.AppStore|iPhoneSimulator.Build.0 = Debug|Any CPU
		{8122E23D-2A92-4670-BB87-A0BE487E5431}.AppStore|x64.ActiveCfg = Debug|Any CPU
		{8122E23D-2A92-4670-BB87-A0BE487E5431}.AppStore|x64.Build.0 = Debug|Any CPU
		{8122E23D-2A92-4670-BB87-A0BE487E5431}.AppStore|x86.ActiveCfg = Debug|Any CPU
		{8122E23D-2A92-4670-BB87-A0BE487E5431}.AppStore|x86.Build.0 = Debug|Any CPU
		{8122E23D-2A92-4670-BB87-A0BE487E5431}.Debug|Any CPU.ActiveCfg = Debug|Any CPU
		{8122E23D-2A92-4670-BB87-A0BE487E5431}.Debug|Any CPU.Build.0 = Debug|Any CPU
		{8122E23D-2A92-4670-BB87-A0BE487E5431}.Debug|ARM.ActiveCfg = Debug|Any CPU
		{8122E23D-2A92-4670-BB87-A0BE487E5431}.Debug|ARM.Build.0 = Debug|Any CPU
		{8122E23D-2A92-4670-BB87-A0BE487E5431}.Debug|iPhone.ActiveCfg = Debug|Any CPU
		{8122E23D-2A92-4670-BB87-A0BE487E5431}.Debug|iPhone.Build.0 = Debug|Any CPU
		{8122E23D-2A92-4670-BB87-A0BE487E5431}.Debug|iPhoneSimulator.ActiveCfg = Debug|Any CPU
		{8122E23D-2A92-4670-BB87-A0BE487E5431}.Debug|iPhoneSimulator.Build.0 = Debug|Any CPU
		{8122E23D-2A92-4670-BB87-A0BE487E5431}.Debug|x64.ActiveCfg = Debug|Any CPU
		{8122E23D-2A92-4670-BB87-A0BE487E5431}.Debug|x64.Build.0 = Debug|Any CPU
		{8122E23D-2A92-4670-BB87-A0BE487E5431}.Debug|x86.ActiveCfg = Debug|Any CPU
		{8122E23D-2A92-4670-BB87-A0BE487E5431}.Debug|x86.Build.0 = Debug|Any CPU
		{8122E23D-2A92-4670-BB87-A0BE487E5431}.Release|Any CPU.ActiveCfg = Release|Any CPU
		{8122E23D-2A92-4670-BB87-A0BE487E5431}.Release|Any CPU.Build.0 = Release|Any CPU
		{8122E23D-2A92-4670-BB87-A0BE487E5431}.Release|ARM.ActiveCfg = Release|Any CPU
		{8122E23D-2A92-4670-BB87-A0BE487E5431}.Release|ARM.Build.0 = Release|Any CPU
		{8122E23D-2A92-4670-BB87-A0BE487E5431}.Release|iPhone.ActiveCfg = Release|Any CPU
		{8122E23D-2A92-4670-BB87-A0BE487E5431}.Release|iPhone.Build.0 = Release|Any CPU
		{8122E23D-2A92-4670-BB87-A0BE487E5431}.Release|iPhoneSimulator.ActiveCfg = Release|Any CPU
		{8122E23D-2A92-4670-BB87-A0BE487E5431}.Release|iPhoneSimulator.Build.0 = Release|Any CPU
		{8122E23D-2A92-4670-BB87-A0BE487E5431}.Release|x64.ActiveCfg = Release|Any CPU
		{8122E23D-2A92-4670-BB87-A0BE487E5431}.Release|x64.Build.0 = Release|Any CPU
		{8122E23D-2A92-4670-BB87-A0BE487E5431}.Release|x86.ActiveCfg = Release|Any CPU
		{8122E23D-2A92-4670-BB87-A0BE487E5431}.Release|x86.Build.0 = Release|Any CPU
	EndGlobalSection
	GlobalSection(SolutionProperties) = preSolution
		HideSolutionNode = FALSE
	EndGlobalSection
	GlobalSection(ExtensibilityGlobals) = postSolution
		SolutionGuid = {C363A0AA-E152-4358-930D-467993FF13DA}
	EndGlobalSection
EndGlobal
